
Microsoft Visual Studio Solution File, Format Version 12.00
# Visual Studio Version 17
VisualStudioVersion = 17.10.34928.147
MinimumVisualStudioVersion = 10.0.40219.1
Project("{FAE04EC0-301F-11D3-BF4B-00C04F79EFBC}") = "Erflix.API", "Erflix.API\Erflix.API.csproj", "{74CDEB24-A766-463A-94C6-E4BD441EA327}"
EndProject
Project("{E53339B2-1760-4266-BCC7-CA923CBCF16C}") = "docker-compose", "docker-compose.dcproj", "{9CD75D0B-529A-49C6-83B7-B503EF42054F}"
EndProject
Project("{FAE04EC0-301F-11D3-BF4B-00C04F79EFBC}") = "Erflix.Tests", "Erflix.Tests\Erflix.Tests.csproj", "{BF2DC3D6-85A1-4A63-BD45-728345970175}"
EndProject
Global
	GlobalSection(SolutionConfigurationPlatforms) = preSolution
		Debug|Any CPU = Debug|Any CPU
		Release|Any CPU = Release|Any CPU
	EndGlobalSection
	GlobalSection(ProjectConfigurationPlatforms) = postSolution
		{74CDEB24-A766-463A-94C6-E4BD441EA327}.Debug|Any CPU.ActiveCfg = Debug|Any CPU
		{74CDEB24-A766-463A-94C6-E4BD441EA327}.Debug|Any CPU.Build.0 = Debug|Any CPU
		{74CDEB24-A766-463A-94C6-E4BD441EA327}.Release|Any CPU.ActiveCfg = Release|Any CPU
		{74CDEB24-A766-463A-94C6-E4BD441EA327}.Release|Any CPU.Build.0 = Release|Any CPU
		{9CD75D0B-529A-49C6-83B7-B503EF42054F}.Debug|Any CPU.ActiveCfg = Debug|Any CPU
		{9CD75D0B-529A-49C6-83B7-B503EF42054F}.Debug|Any CPU.Build.0 = Debug|Any CPU
		{9CD75D0B-529A-49C6-83B7-B503EF42054F}.Release|Any CPU.ActiveCfg = Release|Any CPU
		{9CD75D0B-529A-49C6-83B7-B503EF42054F}.Release|Any CPU.Build.0 = Release|Any CPU
		{BF2DC3D6-85A1-4A63-BD45-728345970175}.Debug|Any CPU.ActiveCfg = Debug|Any CPU
		{BF2DC3D6-85A1-4A63-BD45-728345970175}.Debug|Any CPU.Build.0 = Debug|Any CPU
		{BF2DC3D6-85A1-4A63-BD45-728345970175}.Release|Any CPU.ActiveCfg = Release|Any CPU
		{BF2DC3D6-85A1-4A63-BD45-728345970175}.Release|Any CPU.Build.0 = Release|Any CPU
	EndGlobalSection
	GlobalSection(SolutionProperties) = preSolution
		HideSolutionNode = FALSE
	EndGlobalSection
	GlobalSection(ExtensibilityGlobals) = postSolution
		SolutionGuid = {86E23320-8BE2-429E-B9CB-C0F9009E1D0D}
	EndGlobalSection
EndGlobal
